version = 1
requires-python = ">=3.12"

[[package]]
name = "rapidfuzz"
version = "3.10.0"
source = { registry = "https://pypi.org/simple" }
sdist = { url = "https://files.pythonhosted.org/packages/81/43/ce16df67029b8e4f528fd1b3fbe5e9fcfc6fcc16823c66349260dd93750e/rapidfuzz-3.10.0.tar.gz", hash = "sha256:6b62af27e65bb39276a66533655a2fa3c60a487b03935721c45b7809527979be", size = 57942780 }
wheels = [
    { url = "https://files.pythonhosted.org/packages/f9/6d/5cd4c1ef9c9021e310a178a5392670e6309fb6a0baf9843d477891b2be97/rapidfuzz-3.10.0-cp312-cp312-macosx_10_13_x86_64.whl", hash = "sha256:7dc87073ba3a40dd65591a2100aa71602107443bf10770579ff9c8a3242edb94", size = 1951588 },
    { url = "https://files.pythonhosted.org/packages/b5/d1/3ddea7077f2a0627deab019e8dc59c9777a90feddbc649408bd1f0a29ff2/rapidfuzz-3.10.0-cp312-cp312-macosx_11_0_arm64.whl", hash = "sha256:a425a0a868cf8e9c6e93e1cda4b758cdfd314bb9a4fc916c5742c934e3613480", size = 1432273 },
    { url = "https://files.pythonhosted.org/packages/54/bc/27f296de09867c902aac9864bdbbe09a1cb26d57ade701683c40a5b59e88/rapidfuzz-3.10.0-cp312-cp312-manylinux_2_17_aarch64.manylinux2014_aarch64.whl", hash = "sha256:a86d5d1d75e61df060c1e56596b6b0a4422a929dff19cc3dbfd5eee762c86b61", size = 1402762 },
    { url = "https://files.pythonhosted.org/packages/6f/54/0249d4b28b3ed3638d2d02061d422f78ddcf733baff9e8dffc5bf59e3f84/rapidfuzz-3.10.0-cp312-cp312-manylinux_2_17_i686.manylinux2014_i686.whl", hash = "sha256:34f213d59219a9c3ca14e94a825f585811a68ac56b4118b4dc388b5b14afc108", size = 5507014 },
    { url = "https://files.pythonhosted.org/packages/56/3c/4e25243649486ec945fedc7b973c1cc6533a39f01f7771cb62aace3515fd/rapidfuzz-3.10.0-cp312-cp312-manylinux_2_17_ppc64le.manylinux2014_ppc64le.whl", hash = "sha256:96ad46f5f56f70fab2be9e5f3165a21be58d633b90bf6e67fc52a856695e4bcf", size = 1652082 },
    { url = "https://files.pythonhosted.org/packages/e2/ba/9e5ea2868701292f07b6357ac04333b50088a4f2b3155ccbbb95b219c788/rapidfuzz-3.10.0-cp312-cp312-manylinux_2_17_s390x.manylinux2014_s390x.whl", hash = "sha256:9178277f72d144a6c7704d7ae7fa15b7b86f0f0796f0e1049c7b4ef748a662ef", size = 1681575 },
    { url = "https://files.pythonhosted.org/packages/15/e6/28fcaedcacaf6b56e7281d67e1aba88d743c8978a12b9cebedcfcd7c31ab/rapidfuzz-3.10.0-cp312-cp312-manylinux_2_17_x86_64.manylinux2014_x86_64.whl", hash = "sha256:76a35e9e19a7c883c422ffa378e9a04bc98cb3b29648c5831596401298ee51e6", size = 3138769 },
    { url = "https://files.pythonhosted.org/packages/a9/60/ec2b616f3dd5b0a80987c8b183c45183d28a0f678e8f4aace074e2e3a341/rapidfuzz-3.10.0-cp312-cp312-musllinux_1_2_aarch64.whl", hash = "sha256:8a6405d34c394c65e4f73a1d300c001f304f08e529d2ed6413b46ee3037956eb", size = 2317255 },
    { url = "https://files.pythonhosted.org/packages/68/ac/8db7aa643d758b621e0e84d29b4f502b615aa751249107454de55b0fb214/rapidfuzz-3.10.0-cp312-cp312-musllinux_1_2_i686.whl", hash = "sha256:bd393683129f446a75d8634306aed7e377627098a1286ff3af2a4f1736742820", size = 6887160 },
    { url = "https://files.pythonhosted.org/packages/92/ca/790026bfacdcf7e458bc72a18086bdd5d06a3d369f22a1ff5011ba132de0/rapidfuzz-3.10.0-cp312-cp312-musllinux_1_2_ppc64le.whl", hash = "sha256:b0445fa9880ead81f5a7d0efc0b9c977a947d8052c43519aceeaf56eabaf6843", size = 2686065 },
    { url = "https://files.pythonhosted.org/packages/6f/79/7e4af9d046d8315f7f42020e1c8232689603a4d9ea0f8d177dfa7c13629b/rapidfuzz-3.10.0-cp312-cp312-musllinux_1_2_s390x.whl", hash = "sha256:c50bc308fa29767ed8f53a8d33b7633a9e14718ced038ed89d41b886e301da32", size = 3241044 },
    { url = "https://files.pythonhosted.org/packages/aa/9e/778bcf792afa252f225a52f263bd7dc4042cce7436bc5a81721ac6d70276/rapidfuzz-3.10.0-cp312-cp312-musllinux_1_2_x86_64.whl", hash = "sha256:e89605afebbd2d4b045bccfdc12a14b16fe8ccbae05f64b4b4c64a97dad1c891", size = 4159434 },
    { url = "https://files.pythonhosted.org/packages/81/6e/9ed55e266d2359a1b93c204fc68d332d5254420eb30f7df860eaaaeb150c/rapidfuzz-3.10.0-cp312-cp312-win32.whl", hash = "sha256:2db9187f3acf3cd33424ecdbaad75414c298ecd1513470df7bda885dcb68cc15", size = 1812716 },
    { url = "https://files.pythonhosted.org/packages/72/95/9d4cba6535cafa8c21e58138955cadb7cb497e508cd92e7d75d7c6bdab64/rapidfuzz-3.10.0-cp312-cp312-win_amd64.whl", hash = "sha256:50e3d0c72ea15391ba9531ead7f2068a67c5b18a6a365fef3127583aaadd1725", size = 1606635 },
    { url = "https://files.pythonhosted.org/packages/45/fb/3d0cff4cea5450be47a8dd90764f68496c2c1f5f1ef3cca3b286cf70d847/rapidfuzz-3.10.0-cp312-cp312-win_arm64.whl", hash = "sha256:9eac95b4278bd53115903d89118a2c908398ee8bdfd977ae844f1bd2b02b917c", size = 848414 },
    { url = "https://files.pythonhosted.org/packages/05/f1/552aa54764fcce4d3db6eebcba5160bf7aa15aea87a89282a67cab7aeeb9/rapidfuzz-3.10.0-cp313-cp313-macosx_10_13_x86_64.whl", hash = "sha256:fe5231e8afd069c742ac5b4f96344a0fe4aff52df8e53ef87faebf77f827822c", size = 1943724 },
    { url = "https://files.pythonhosted.org/packages/9b/2f/a65c74e10c9fc2c7a5003390fc269c423554a174725fe18d11b33cf70b1e/rapidfuzz-3.10.0-cp313-cp313-macosx_11_0_arm64.whl", hash = "sha256:886882367dbc985f5736356105798f2ae6e794e671fc605476cbe2e73838a9bb", size = 1426386 },
    { url = "https://files.pythonhosted.org/packages/7b/a5/a76ca37c8e6339a78944766b633fa7b82728a52fdcd5e67a934b2f04647d/rapidfuzz-3.10.0-cp313-cp313-manylinux_2_17_aarch64.manylinux2014_aarch64.whl", hash = "sha256:b33e13e537e3afd1627d421a142a12bbbe601543558a391a6fae593356842f6e", size = 1397508 },
    { url = "https://files.pythonhosted.org/packages/2c/63/4ef6acfa96baafed7fa52efe8b744de54abfee0838aa539b60045fe02816/rapidfuzz-3.10.0-cp313-cp313-manylinux_2_17_i686.manylinux2014_i686.whl", hash = "sha256:094c26116d55bf9c53abd840d08422f20da78ec4c4723e5024322321caedca48", size = 5527413 },
    { url = "https://files.pythonhosted.org/packages/37/f8/00236ff2dd9bdc7561ccf6693840dd47e74bd73e6e7e974e03637e869ff8/rapidfuzz-3.10.0-cp313-cp313-manylinux_2_17_ppc64le.manylinux2014_ppc64le.whl", hash = "sha256:545fc04f2d592e4350f59deb0818886c1b444ffba3bec535b4fbb97191aaf769", size = 1624894 },
    { url = "https://files.pythonhosted.org/packages/5e/19/1074dcc30e162c7d9f5626dbf4b686e7c15ec5d25c6201741518dcbe37ab/rapidfuzz-3.10.0-cp313-cp313-manylinux_2_17_s390x.manylinux2014_s390x.whl", hash = "sha256:916a6abf3632e592b937c3d04c00a6efadd8fd30539cdcd4e6e4d92be7ca5d90", size = 1683238 },
    { url = "https://files.pythonhosted.org/packages/d6/66/7a6e7614a4495ebe295a8f0961562b5957ccd4e1e364a5ab0272e622fa00/rapidfuzz-3.10.0-cp313-cp313-manylinux_2_17_x86_64.manylinux2014_x86_64.whl", hash = "sha256:fb6ec40cef63b1922083d33bfef2f91fc0b0bc07b5b09bfee0b0f1717d558292", size = 3118803 },
    { url = "https://files.pythonhosted.org/packages/1f/63/2eb57053c3af2e3e5e209bd30e74838eee0c384ba9dc3cd71253edb829ff/rapidfuzz-3.10.0-cp313-cp313-musllinux_1_2_aarch64.whl", hash = "sha256:c77a7330dd15c7eb5fd3631dc646fc96327f98db8181138766bd14d3e905f0ba", size = 2313393 },
    { url = "https://files.pythonhosted.org/packages/b7/8e/fea01820046f27e4ebf547c256e7065f7c53f0e6fa458e7a42002a39acc7/rapidfuzz-3.10.0-cp313-cp313-musllinux_1_2_i686.whl", hash = "sha256:949b5e9eeaa4ecb4c7e9c2a4689dddce60929dd1ff9c76a889cdbabe8bbf2171", size = 6900944 },
    { url = "https://files.pythonhosted.org/packages/e3/00/7faa67320d2fcf669b4de39fd0ed45465d9106d72f2c879a462cb5ada95a/rapidfuzz-3.10.0-cp313-cp313-musllinux_1_2_ppc64le.whl", hash = "sha256:b5363932a5aab67010ae1a6205c567d1ef256fb333bc23c27582481606be480c", size = 2677938 },
    { url = "https://files.pythonhosted.org/packages/41/6a/4abcecb5604950b8f7caba93becdb5c0220ec1ee32b4176f26c5748d7806/rapidfuzz-3.10.0-cp313-cp313-musllinux_1_2_s390x.whl", hash = "sha256:5dd6eec15b13329abe66cc241b484002ecb0e17d694491c944a22410a6a9e5e2", size = 3237492 },
    { url = "https://files.pythonhosted.org/packages/6e/a7/3e733f55907873e9ec56710f80d5fc8296ddf8f5c74b530f275c98d53e4b/rapidfuzz-3.10.0-cp313-cp313-musllinux_1_2_x86_64.whl", hash = "sha256:79e7f98525b60b3c14524e0a4e1fedf7654657b6e02eb25f1be897ab097706f3", size = 4155588 },
    { url = "https://files.pythonhosted.org/packages/1f/b1/ab98a0a1511ab6695118d083bbf49afa6246fd445034be2aa13faa4914b4/rapidfuzz-3.10.0-cp313-cp313-win32.whl", hash = "sha256:d29d1b9857c65f8cb3a29270732e1591b9bacf89de9d13fa764f79f07d8f1fd2", size = 1810829 },
    { url = "https://files.pythonhosted.org/packages/59/0e/939808bf07fd1e3d809c54c03bbd4266ae197f5aca6eb1edf2c592cc57eb/rapidfuzz-3.10.0-cp313-cp313-win_amd64.whl", hash = "sha256:fa9720e56663cc3649d62b4b5f3145e94b8f5611e8a8e1b46507777249d46aad", size = 1604489 },
    { url = "https://files.pythonhosted.org/packages/fa/51/15e04a4cccf3b4b2a93fdbe413157e0568538fd61a0fef9bd4d8accd326c/rapidfuzz-3.10.0-cp313-cp313-win_arm64.whl", hash = "sha256:eda4c661e68dddd56c8fbfe1ca35e40dd2afd973f7ebb1605f4d151edc63dff8", size = 847299 },
]

[[package]]
name = "scripts"
version = "0.1.0"
source = { virtual = "." }
dependencies = [
    { name = "thefuzz" },
]

[package.metadata]
requires-dist = [{ name = "thefuzz", specifier = ">=0.22.1" }]

[[package]]
name = "thefuzz"
version = "0.22.1"
source = { registry = "https://pypi.org/simple" }
dependencies = [
    { name = "rapidfuzz" },
]
sdist = { url = "https://files.pythonhosted.org/packages/81/4b/d3eb25831590d6d7d38c2f2e3561d3ba41d490dc89cd91d9e65e7c812508/thefuzz-0.22.1.tar.gz", hash = "sha256:7138039a7ecf540da323792d8592ef9902b1d79eb78c147d4f20664de79f3680", size = 19993 }
wheels = [
    { url = "https://files.pythonhosted.org/packages/82/4f/1695e70ceb3604f19eda9908e289c687ea81c4fecef4d90a9d1d0f2f7ae9/thefuzz-0.22.1-py3-none-any.whl", hash = "sha256:59729b33556850b90e1093c4cf9e618af6f2e4c985df193fdf3c5b5cf02ca481", size = 8245 },
]
